// !$*UTF8*$!
{
	archiveVersion = 1;
	classes = {
	};
	objectVersion = 50;
	objects = {

/* Begin PBXBuildFile section */
		092A8C5221B134D400320D4F /* AppDelegate.swift in Sources */ = {isa = PBXBuildFile; fileRef = 092A8C5121B134D400320D4F /* AppDelegate.swift */; };
		092A8C5921B134D600320D4F /* Assets.xcassets in Resources */ = {isa = PBXBuildFile; fileRef = 092A8C5821B134D600320D4F /* Assets.xcassets */; };
		092A8C5C21B134D700320D4F /* LaunchScreen.storyboard in Resources */ = {isa = PBXBuildFile; fileRef = 092A8C5A21B134D700320D4F /* LaunchScreen.storyboard */; };
		092A8C6721B134D700320D4F /* CleanSampleTests.swift in Sources */ = {isa = PBXBuildFile; fileRef = 092A8C6621B134D700320D4F /* CleanSampleTests.swift */; };
		092A8C7221B138CA00320D4F /* LoginView.swift in Sources */ = {isa = PBXBuildFile; fileRef = 092A8C7121B138CA00320D4F /* LoginView.swift */; };
		092A8C7A21B4BFE300320D4F /* PasswordField.swift in Sources */ = {isa = PBXBuildFile; fileRef = 092A8C7921B4BFE300320D4F /* PasswordField.swift */; };
		092A8C7C21B4BFEF00320D4F /* IDField.swift in Sources */ = {isa = PBXBuildFile; fileRef = 092A8C7B21B4BFEF00320D4F /* IDField.swift */; };
		092A8C7F21B4C12C00320D4F /* StartupRouter.swift in Sources */ = {isa = PBXBuildFile; fileRef = 092A8C7E21B4C12C00320D4F /* StartupRouter.swift */; };
		092A8C8221B4C2D900320D4F /* StartupRouterConst.swift in Sources */ = {isa = PBXBuildFile; fileRef = 092A8C8121B4C2D900320D4F /* StartupRouterConst.swift */; };
		092A8C8421B4C88800320D4F /* LoginViewController.swift in Sources */ = {isa = PBXBuildFile; fileRef = 092A8C8321B4C88800320D4F /* LoginViewController.swift */; };
		092A8C8921B4C92D00320D4F /* Utility.swift in Sources */ = {isa = PBXBuildFile; fileRef = 092A8C8821B4C92D00320D4F /* Utility.swift */; };
		092A8C9621B4CD0B00320D4F /* user.svg in Resources */ = {isa = PBXBuildFile; fileRef = 092A8C8D21B4CD0B00320D4F /* user.svg */; };
		092A8C9721B4CD0B00320D4F /* key.svg in Resources */ = {isa = PBXBuildFile; fileRef = 092A8C8E21B4CD0B00320D4F /* key.svg */; };
		092A8C9821B4CD0B00320D4F /* unlocked.svg in Resources */ = {isa = PBXBuildFile; fileRef = 092A8C8F21B4CD0B00320D4F /* unlocked.svg */; };
		092A8C9D21B4CD0B00320D4F /* locked.svg in Resources */ = {isa = PBXBuildFile; fileRef = 092A8C9421B4CD0B00320D4F /* locked.svg */; };
		092A8CA021B4D02A00320D4F /* logo.png in Resources */ = {isa = PBXBuildFile; fileRef = 092A8C9F21B4D02A00320D4F /* logo.png */; };
		09837F6121B5180900BA34DE /* Request.swift in Sources */ = {isa = PBXBuildFile; fileRef = 09837F6021B5180900BA34DE /* Request.swift */; };
		09837F6321B518D200BA34DE /* APIClient.swift in Sources */ = {isa = PBXBuildFile; fileRef = 09837F6221B518D200BA34DE /* APIClient.swift */; };
		09837F6521B51B9100BA34DE /* WebAPIConst.swift in Sources */ = {isa = PBXBuildFile; fileRef = 09837F6421B51B9100BA34DE /* WebAPIConst.swift */; };
		451358DDE4C97A139429D276 /* Pods_CleanSampleTests.framework in Frameworks */ = {isa = PBXBuildFile; fileRef = AD79FC50505B47C760DE0B62 /* Pods_CleanSampleTests.framework */; };
		ACF59C9FAA23AD7629AF9B0B /* Pods_CleanSample.framework in Frameworks */ = {isa = PBXBuildFile; fileRef = 5C4EA875F9DE75EEF4B19007 /* Pods_CleanSample.framework */; };
/* End PBXBuildFile section */

/* Begin PBXContainerItemProxy section */
		092A8C6321B134D700320D4F /* PBXContainerItemProxy */ = {
			isa = PBXContainerItemProxy;
			containerPortal = 092A8C4621B134D400320D4F /* Project object */;
			proxyType = 1;
			remoteGlobalIDString = 092A8C4D21B134D400320D4F;
			remoteInfo = CleanSample;
		};
/* End PBXContainerItemProxy section */

/* Begin PBXFileReference section */
		071F49349FFE09020336D07E /* Pods-CleanSample.release.xcconfig */ = {isa = PBXFileReference; includeInIndex = 1; lastKnownFileType = text.xcconfig; name = "Pods-CleanSample.release.xcconfig"; path = "Pods/Target Support Files/Pods-CleanSample/Pods-CleanSample.release.xcconfig"; sourceTree = "<group>"; };
		092A8C4E21B134D400320D4F /* CleanSample.app */ = {isa = PBXFileReference; explicitFileType = wrapper.application; includeInIndex = 0; path = CleanSample.app; sourceTree = BUILT_PRODUCTS_DIR; };
		092A8C5121B134D400320D4F /* AppDelegate.swift */ = {isa = PBXFileReference; lastKnownFileType = sourcecode.swift; path = AppDelegate.swift; sourceTree = "<group>"; };
		092A8C5821B134D600320D4F /* Assets.xcassets */ = {isa = PBXFileReference; lastKnownFileType = folder.assetcatalog; path = Assets.xcassets; sourceTree = "<group>"; };
		092A8C5B21B134D700320D4F /* Base */ = {isa = PBXFileReference; lastKnownFileType = file.storyboard; name = Base; path = Base.lproj/LaunchScreen.storyboard; sourceTree = "<group>"; };
		092A8C5D21B134D700320D4F /* Info.plist */ = {isa = PBXFileReference; lastKnownFileType = text.plist.xml; path = Info.plist; sourceTree = "<group>"; };
		092A8C6221B134D700320D4F /* CleanSampleTests.xctest */ = {isa = PBXFileReference; explicitFileType = wrapper.cfbundle; includeInIndex = 0; path = CleanSampleTests.xctest; sourceTree = BUILT_PRODUCTS_DIR; };
		092A8C6621B134D700320D4F /* CleanSampleTests.swift */ = {isa = PBXFileReference; lastKnownFileType = sourcecode.swift; path = CleanSampleTests.swift; sourceTree = "<group>"; };
		092A8C6821B134D700320D4F /* Info.plist */ = {isa = PBXFileReference; lastKnownFileType = text.plist.xml; path = Info.plist; sourceTree = "<group>"; };
		092A8C7121B138CA00320D4F /* LoginView.swift */ = {isa = PBXFileReference; lastKnownFileType = sourcecode.swift; path = LoginView.swift; sourceTree = "<group>"; };
		092A8C7921B4BFE300320D4F /* PasswordField.swift */ = {isa = PBXFileReference; lastKnownFileType = sourcecode.swift; path = PasswordField.swift; sourceTree = "<group>"; };
		092A8C7B21B4BFEF00320D4F /* IDField.swift */ = {isa = PBXFileReference; lastKnownFileType = sourcecode.swift; path = IDField.swift; sourceTree = "<group>"; };
		092A8C7E21B4C12C00320D4F /* StartupRouter.swift */ = {isa = PBXFileReference; lastKnownFileType = sourcecode.swift; path = StartupRouter.swift; sourceTree = "<group>"; };
		092A8C8121B4C2D900320D4F /* StartupRouterConst.swift */ = {isa = PBXFileReference; lastKnownFileType = sourcecode.swift; path = StartupRouterConst.swift; sourceTree = "<group>"; };
		092A8C8321B4C88800320D4F /* LoginViewController.swift */ = {isa = PBXFileReference; lastKnownFileType = sourcecode.swift; path = LoginViewController.swift; sourceTree = "<group>"; };
		092A8C8821B4C92D00320D4F /* Utility.swift */ = {isa = PBXFileReference; lastKnownFileType = sourcecode.swift; path = Utility.swift; sourceTree = "<group>"; };
		092A8C8D21B4CD0B00320D4F /* user.svg */ = {isa = PBXFileReference; fileEncoding = 4; lastKnownFileType = text.xml; path = user.svg; sourceTree = "<group>"; };
		092A8C8E21B4CD0B00320D4F /* key.svg */ = {isa = PBXFileReference; fileEncoding = 4; lastKnownFileType = text.xml; path = key.svg; sourceTree = "<group>"; };
		092A8C8F21B4CD0B00320D4F /* unlocked.svg */ = {isa = PBXFileReference; fileEncoding = 4; lastKnownFileType = text.xml; path = unlocked.svg; sourceTree = "<group>"; };
		092A8C9421B4CD0B00320D4F /* locked.svg */ = {isa = PBXFileReference; fileEncoding = 4; lastKnownFileType = text.xml; path = locked.svg; sourceTree = "<group>"; };
		092A8C9F21B4D02A00320D4F /* logo.png */ = {isa = PBXFileReference; lastKnownFileType = image.png; path = logo.png; sourceTree = "<group>"; };
		09837F6021B5180900BA34DE /* Request.swift */ = {isa = PBXFileReference; lastKnownFileType = sourcecode.swift; path = Request.swift; sourceTree = "<group>"; };
		09837F6221B518D200BA34DE /* APIClient.swift */ = {isa = PBXFileReference; lastKnownFileType = sourcecode.swift; path = APIClient.swift; sourceTree = "<group>"; };
		09837F6421B51B9100BA34DE /* WebAPIConst.swift */ = {isa = PBXFileReference; lastKnownFileType = sourcecode.swift; path = WebAPIConst.swift; sourceTree = "<group>"; };
		09C2F73ABF7936F80B16F9BA /* Pods-CleanSample.debug.xcconfig */ = {isa = PBXFileReference; includeInIndex = 1; lastKnownFileType = text.xcconfig; name = "Pods-CleanSample.debug.xcconfig"; path = "Pods/Target Support Files/Pods-CleanSample/Pods-CleanSample.debug.xcconfig"; sourceTree = "<group>"; };
		5C4EA875F9DE75EEF4B19007 /* Pods_CleanSample.framework */ = {isa = PBXFileReference; explicitFileType = wrapper.framework; includeInIndex = 0; path = Pods_CleanSample.framework; sourceTree = BUILT_PRODUCTS_DIR; };
		9071B3832595FBE6E902D41B /* Pods-CleanSampleTests.release.xcconfig */ = {isa = PBXFileReference; includeInIndex = 1; lastKnownFileType = text.xcconfig; name = "Pods-CleanSampleTests.release.xcconfig"; path = "Pods/Target Support Files/Pods-CleanSampleTests/Pods-CleanSampleTests.release.xcconfig"; sourceTree = "<group>"; };
		AD79FC50505B47C760DE0B62 /* Pods_CleanSampleTests.framework */ = {isa = PBXFileReference; explicitFileType = wrapper.framework; includeInIndex = 0; path = Pods_CleanSampleTests.framework; sourceTree = BUILT_PRODUCTS_DIR; };
		B452E5DCB51E9D4CF3CCD16F /* Pods-CleanSampleTests.debug.xcconfig */ = {isa = PBXFileReference; includeInIndex = 1; lastKnownFileType = text.xcconfig; name = "Pods-CleanSampleTests.debug.xcconfig"; path = "Pods/Target Support Files/Pods-CleanSampleTests/Pods-CleanSampleTests.debug.xcconfig"; sourceTree = "<group>"; };
/* End PBXFileReference section */

/* Begin PBXFrameworksBuildPhase section */
		092A8C4B21B134D400320D4F /* Frameworks */ = {
			isa = PBXFrameworksBuildPhase;
			buildActionMask = 2147483647;
			files = (
				ACF59C9FAA23AD7629AF9B0B /* Pods_CleanSample.framework in Frameworks */,
			);
			runOnlyForDeploymentPostprocessing = 0;
		};
		092A8C5F21B134D700320D4F /* Frameworks */ = {
			isa = PBXFrameworksBuildPhase;
			buildActionMask = 2147483647;
			files = (
				451358DDE4C97A139429D276 /* Pods_CleanSampleTests.framework in Frameworks */,
			);
			runOnlyForDeploymentPostprocessing = 0;
		};
/* End PBXFrameworksBuildPhase section */

/* Begin PBXGroup section */
		092A8C4521B134D400320D4F = {
			isa = PBXGroup;
			children = (
				092A8C5021B134D400320D4F /* CleanSample */,
				092A8C6521B134D700320D4F /* CleanSampleTests */,
				092A8C4F21B134D400320D4F /* Products */,
				D0813B6AA455BC3A9E59FCA7 /* Pods */,
				09BBB936008FF651BEE0625F /* Frameworks */,
			);
			sourceTree = "<group>";
		};
		092A8C4F21B134D400320D4F /* Products */ = {
			isa = PBXGroup;
			children = (
				092A8C4E21B134D400320D4F /* CleanSample.app */,
				092A8C6221B134D700320D4F /* CleanSampleTests.xctest */,
			);
			name = Products;
			sourceTree = "<group>";
		};
		092A8C5021B134D400320D4F /* CleanSample */ = {
			isa = PBXGroup;
			children = (
				092A8C8A21B4CCE500320D4F /* Resource */,
				092A8C8721B4C8F000320D4F /* OtherClass */,
				092A8C8621B4C8DC00320D4F /* ArchitectureClass */,
				092A8C5821B134D600320D4F /* Assets.xcassets */,
				092A8C5A21B134D700320D4F /* LaunchScreen.storyboard */,
				092A8C5D21B134D700320D4F /* Info.plist */,
			);
			path = CleanSample;
			sourceTree = "<group>";
		};
		092A8C6521B134D700320D4F /* CleanSampleTests */ = {
			isa = PBXGroup;
			children = (
				092A8C6621B134D700320D4F /* CleanSampleTests.swift */,
				092A8C6821B134D700320D4F /* Info.plist */,
			);
			path = CleanSampleTests;
			sourceTree = "<group>";
		};
		092A8C7321B138D500320D4F /* View */ = {
			isa = PBXGroup;
			children = (
				092A8C7121B138CA00320D4F /* LoginView.swift */,
				092A8C7821B139E600320D4F /* ViewParts */,
			);
			path = View;
			sourceTree = "<group>";
		};
		092A8C7421B138E300320D4F /* ViewController */ = {
			isa = PBXGroup;
			children = (
				092A8C8321B4C88800320D4F /* LoginViewController.swift */,
			);
			path = ViewController;
			sourceTree = "<group>";
		};
		092A8C7521B1391400320D4F /* PresentationLayer */ = {
			isa = PBXGroup;
			children = (
				092A8C7721B1392D00320D4F /* Presenter */,
				092A8C7621B1391E00320D4F /* Interactor */,
				092A8C7421B138E300320D4F /* ViewController */,
				092A8C7321B138D500320D4F /* View */,
			);
			path = PresentationLayer;
			sourceTree = "<group>";
		};
		092A8C7621B1391E00320D4F /* Interactor */ = {
			isa = PBXGroup;
			children = (
			);
			path = Interactor;
			sourceTree = "<group>";
		};
		092A8C7721B1392D00320D4F /* Presenter */ = {
			isa = PBXGroup;
			children = (
			);
			path = Presenter;
			sourceTree = "<group>";
		};
		092A8C7821B139E600320D4F /* ViewParts */ = {
			isa = PBXGroup;
			children = (
				092A8C7921B4BFE300320D4F /* PasswordField.swift */,
				092A8C7B21B4BFEF00320D4F /* IDField.swift */,
			);
			path = ViewParts;
			sourceTree = "<group>";
		};
		092A8C7D21B4C11300320D4F /* Router */ = {
			isa = PBXGroup;
			children = (
				092A8C7E21B4C12C00320D4F /* StartupRouter.swift */,
			);
			path = Router;
			sourceTree = "<group>";
		};
		092A8C8021B4C2AC00320D4F /* Constant */ = {
			isa = PBXGroup;
			children = (
				092A8C8121B4C2D900320D4F /* StartupRouterConst.swift */,
				09837F6421B51B9100BA34DE /* WebAPIConst.swift */,
			);
			path = Constant;
			sourceTree = "<group>";
		};
		092A8C8521B4C8C600320D4F /* Utility */ = {
			isa = PBXGroup;
			children = (
				092A8C8821B4C92D00320D4F /* Utility.swift */,
			);
			path = Utility;
			sourceTree = "<group>";
		};
		092A8C8621B4C8DC00320D4F /* ArchitectureClass */ = {
			isa = PBXGroup;
			children = (
				09837F5D21B517C800BA34DE /* DataLayer */,
				092A8C7521B1391400320D4F /* PresentationLayer */,
			);
			path = ArchitectureClass;
			sourceTree = "<group>";
		};
		092A8C8721B4C8F000320D4F /* OtherClass */ = {
			isa = PBXGroup;
			children = (
				092A8C5121B134D400320D4F /* AppDelegate.swift */,
				092A8C8521B4C8C600320D4F /* Utility */,
				092A8C8021B4C2AC00320D4F /* Constant */,
				092A8C7D21B4C11300320D4F /* Router */,
			);
			path = OtherClass;
			sourceTree = "<group>";
		};
		092A8C8A21B4CCE500320D4F /* Resource */ = {
			isa = PBXGroup;
			children = (
				092A8C9E21B4CF8800320D4F /* PNG */,
				092A8C8B21B4CD0B00320D4F /* SVG */,
			);
			path = Resource;
			sourceTree = "<group>";
		};
		092A8C8B21B4CD0B00320D4F /* SVG */ = {
			isa = PBXGroup;
			children = (
				092A8C8D21B4CD0B00320D4F /* user.svg */,
				092A8C8E21B4CD0B00320D4F /* key.svg */,
				092A8C8F21B4CD0B00320D4F /* unlocked.svg */,
				092A8C9421B4CD0B00320D4F /* locked.svg */,
			);
			path = SVG;
			sourceTree = "<group>";
		};
		092A8C9E21B4CF8800320D4F /* PNG */ = {
			isa = PBXGroup;
			children = (
				092A8C9F21B4D02A00320D4F /* logo.png */,
			);
			path = PNG;
			sourceTree = "<group>";
		};
		09837F5D21B517C800BA34DE /* DataLayer */ = {
			isa = PBXGroup;
			children = (
				09837F5E21B517D100BA34DE /* WebAPI */,
			);
			path = DataLayer;
			sourceTree = "<group>";
		};
		09837F5E21B517D100BA34DE /* WebAPI */ = {
			isa = PBXGroup;
			children = (
				09837F6721B5280D00BA34DE /* Entity */,
				09837F6621B527ED00BA34DE /* Repository */,
				09837F5F21B517F600BA34DE /* Client */,
			);
			path = WebAPI;
			sourceTree = "<group>";
		};
		09837F5F21B517F600BA34DE /* Client */ = {
			isa = PBXGroup;
			children = (
				09837F6021B5180900BA34DE /* Request.swift */,
				09837F6221B518D200BA34DE /* APIClient.swift */,
			);
			path = Client;
			sourceTree = "<group>";
		};
		09837F6621B527ED00BA34DE /* Repository */ = {
			isa = PBXGroup;
			children = (
			);
			path = Repository;
			sourceTree = "<group>";
		};
		09837F6721B5280D00BA34DE /* Entity */ = {
			isa = PBXGroup;
			children = (
			);
			path = Entity;
			sourceTree = "<group>";
		};
		09BBB936008FF651BEE0625F /* Frameworks */ = {
			isa = PBXGroup;
			children = (
				5C4EA875F9DE75EEF4B19007 /* Pods_CleanSample.framework */,
				AD79FC50505B47C760DE0B62 /* Pods_CleanSampleTests.framework */,
			);
			name = Frameworks;
			sourceTree = "<group>";
		};
		D0813B6AA455BC3A9E59FCA7 /* Pods */ = {
			isa = PBXGroup;
			children = (
				09C2F73ABF7936F80B16F9BA /* Pods-CleanSample.debug.xcconfig */,
				071F49349FFE09020336D07E /* Pods-CleanSample.release.xcconfig */,
				B452E5DCB51E9D4CF3CCD16F /* Pods-CleanSampleTests.debug.xcconfig */,
				9071B3832595FBE6E902D41B /* Pods-CleanSampleTests.release.xcconfig */,
			);
			name = Pods;
			sourceTree = "<group>";
		};
/* End PBXGroup section */

/* Begin PBXNativeTarget section */
		092A8C4D21B134D400320D4F /* CleanSample */ = {
			isa = PBXNativeTarget;
			buildConfigurationList = 092A8C6B21B134D700320D4F /* Build configuration list for PBXNativeTarget "CleanSample" */;
			buildPhases = (
				2B0E193C21B273FF06A0EC03 /* [CP] Check Pods Manifest.lock */,
				092A8C4A21B134D400320D4F /* Sources */,
				092A8C4B21B134D400320D4F /* Frameworks */,
				092A8C4C21B134D400320D4F /* Resources */,
				CBB784919FA399C8D9C848A1 /* [CP] Embed Pods Frameworks */,
			);
			buildRules = (
			);
			dependencies = (
			);
			name = CleanSample;
			productName = CleanSample;
			productReference = 092A8C4E21B134D400320D4F /* CleanSample.app */;
			productType = "com.apple.product-type.application";
		};
		092A8C6121B134D700320D4F /* CleanSampleTests */ = {
			isa = PBXNativeTarget;
			buildConfigurationList = 092A8C6E21B134D700320D4F /* Build configuration list for PBXNativeTarget "CleanSampleTests" */;
			buildPhases = (
				D0DE3BA61258058AB02545C4 /* [CP] Check Pods Manifest.lock */,
				092A8C5E21B134D700320D4F /* Sources */,
				092A8C5F21B134D700320D4F /* Frameworks */,
				092A8C6021B134D700320D4F /* Resources */,
			);
			buildRules = (
			);
			dependencies = (
				092A8C6421B134D700320D4F /* PBXTargetDependency */,
			);
			name = CleanSampleTests;
			productName = CleanSampleTests;
			productReference = 092A8C6221B134D700320D4F /* CleanSampleTests.xctest */;
			productType = "com.apple.product-type.bundle.unit-test";
		};
/* End PBXNativeTarget section */

/* Begin PBXProject section */
		092A8C4621B134D400320D4F /* Project object */ = {
			isa = PBXProject;
			attributes = {
				LastSwiftUpdateCheck = 1010;
				LastUpgradeCheck = 1010;
				ORGANIZATIONNAME = mugicha755;
				TargetAttributes = {
					092A8C4D21B134D400320D4F = {
						CreatedOnToolsVersion = 10.1;
					};
					092A8C6121B134D700320D4F = {
						CreatedOnToolsVersion = 10.1;
						TestTargetID = 092A8C4D21B134D400320D4F;
					};
				};
			};
			buildConfigurationList = 092A8C4921B134D400320D4F /* Build configuration list for PBXProject "CleanSample" */;
			compatibilityVersion = "Xcode 9.3";
			developmentRegion = en;
			hasScannedForEncodings = 0;
			knownRegions = (
				en,
				Base,
			);
			mainGroup = 092A8C4521B134D400320D4F;
			productRefGroup = 092A8C4F21B134D400320D4F /* Products */;
			projectDirPath = "";
			projectRoot = "";
			targets = (
				092A8C4D21B134D400320D4F /* CleanSample */,
				092A8C6121B134D700320D4F /* CleanSampleTests */,
			);
		};
/* End PBXProject section */

/* Begin PBXResourcesBuildPhase section */
		092A8C4C21B134D400320D4F /* Resources */ = {
			isa = PBXResourcesBuildPhase;
			buildActionMask = 2147483647;
			files = (
				092A8C9721B4CD0B00320D4F /* key.svg in Resources */,
				092A8C9D21B4CD0B00320D4F /* locked.svg in Resources */,
				092A8C5C21B134D700320D4F /* LaunchScreen.storyboard in Resources */,
				092A8C9821B4CD0B00320D4F /* unlocked.svg in Resources */,
				092A8CA021B4D02A00320D4F /* logo.png in Resources */,
				092A8C5921B134D600320D4F /* Assets.xcassets in Resources */,
				092A8C9621B4CD0B00320D4F /* user.svg in Resources */,
			);
			runOnlyForDeploymentPostprocessing = 0;
		};
		092A8C6021B134D700320D4F /* Resources */ = {
			isa = PBXResourcesBuildPhase;
			buildActionMask = 2147483647;
			files = (
			);
			runOnlyForDeploymentPostprocessing = 0;
		};
/* End PBXResourcesBuildPhase section */

/* Begin PBXShellScriptBuildPhase section */
		2B0E193C21B273FF06A0EC03 /* [CP] Check Pods Manifest.lock */ = {
			isa = PBXShellScriptBuildPhase;
			buildActionMask = 2147483647;
			files = (
			);
			inputPaths = (
				"${PODS_PODFILE_DIR_PATH}/Podfile.lock",
				"${PODS_ROOT}/Manifest.lock",
			);
			name = "[CP] Check Pods Manifest.lock";
			outputPaths = (
				"$(DERIVED_FILE_DIR)/Pods-CleanSample-checkManifestLockResult.txt",
			);
			runOnlyForDeploymentPostprocessing = 0;
			shellPath = /bin/sh;
			shellScript = "diff \"${PODS_PODFILE_DIR_PATH}/Podfile.lock\" \"${PODS_ROOT}/Manifest.lock\" > /dev/null\nif [ $? != 0 ] ; then\n    # print error to STDERR\n    echo \"error: The sandbox is not in sync with the Podfile.lock. Run 'pod install' or update your CocoaPods installation.\" >&2\n    exit 1\nfi\n# This output is used by Xcode 'outputs' to avoid re-running this script phase.\necho \"SUCCESS\" > \"${SCRIPT_OUTPUT_FILE_0}\"\n";
			showEnvVarsInLog = 0;
		};
		CBB784919FA399C8D9C848A1 /* [CP] Embed Pods Frameworks */ = {
			isa = PBXShellScriptBuildPhase;
			buildActionMask = 2147483647;
			files = (
			);
			inputPaths = (
				"${SRCROOT}/Pods/Target Support Files/Pods-CleanSample/Pods-CleanSample-frameworks.sh",
				"${BUILT_PRODUCTS_DIR}/Alamofire/Alamofire.framework",
				"${BUILT_PRODUCTS_DIR}/CocoaLumberjack/CocoaLumberjack.framework",
				"${BUILT_PRODUCTS_DIR}/HydraAsync/Hydra.framework",
				"${BUILT_PRODUCTS_DIR}/NotAutoLayout/NotAutoLayout.framework",
				"${BUILT_PRODUCTS_DIR}/ObjectMapper/ObjectMapper.framework",
				"${BUILT_PRODUCTS_DIR}/SVGKit/SVGKit.framework",
			);
			name = "[CP] Embed Pods Frameworks";
			outputPaths = (
				"${TARGET_BUILD_DIR}/${FRAMEWORKS_FOLDER_PATH}/Alamofire.framework",
				"${TARGET_BUILD_DIR}/${FRAMEWORKS_FOLDER_PATH}/CocoaLumberjack.framework",
				"${TARGET_BUILD_DIR}/${FRAMEWORKS_FOLDER_PATH}/Hydra.framework",
				"${TARGET_BUILD_DIR}/${FRAMEWORKS_FOLDER_PATH}/NotAutoLayout.framework",
				"${TARGET_BUILD_DIR}/${FRAMEWORKS_FOLDER_PATH}/ObjectMapper.framework",
				"${TARGET_BUILD_DIR}/${FRAMEWORKS_FOLDER_PATH}/SVGKit.framework",
			);
			runOnlyForDeploymentPostprocessing = 0;
			shellPath = /bin/sh;
			shellScript = "\"${SRCROOT}/Pods/Target Support Files/Pods-CleanSample/Pods-CleanSample-frameworks.sh\"\n";
			showEnvVarsInLog = 0;
		};
		D0DE3BA61258058AB02545C4 /* [CP] Check Pods Manifest.lock */ = {
			isa = PBXShellScriptBuildPhase;
			buildActionMask = 2147483647;
			files = (
			);
			inputPaths = (
				"${PODS_PODFILE_DIR_PATH}/Podfile.lock",
				"${PODS_ROOT}/Manifest.lock",
			);
			name = "[CP] Check Pods Manifest.lock";
			outputPaths = (
				"$(DERIVED_FILE_DIR)/Pods-CleanSampleTests-checkManifestLockResult.txt",
			);
			runOnlyForDeploymentPostprocessing = 0;
			shellPath = /bin/sh;
			shellScript = "diff \"${PODS_PODFILE_DIR_PATH}/Podfile.lock\" \"${PODS_ROOT}/Manifest.lock\" > /dev/null\nif [ $? != 0 ] ; then\n    # print error to STDERR\n    echo \"error: The sandbox is not in sync with the Podfile.lock. Run 'pod install' or update your CocoaPods installation.\" >&2\n    exit 1\nfi\n# This output is used by Xcode 'outputs' to avoid re-running this script phase.\necho \"SUCCESS\" > \"${SCRIPT_OUTPUT_FILE_0}\"\n";
			showEnvVarsInLog = 0;
		};
/* End PBXShellScriptBuildPhase section */

/* Begin PBXSourcesBuildPhase section */
		092A8C4A21B134D400320D4F /* Sources */ = {
			isa = PBXSourcesBuildPhase;
			buildActionMask = 2147483647;
			files = (
				092A8C7F21B4C12C00320D4F /* StartupRouter.swift in Sources */,
				092A8C7C21B4BFEF00320D4F /* IDField.swift in Sources */,
				09837F6521B51B9100BA34DE /* WebAPIConst.swift in Sources */,
				092A8C7221B138CA00320D4F /* LoginView.swift in Sources */,
				09837F6321B518D200BA34DE /* APIClient.swift in Sources */,
				092A8C8221B4C2D900320D4F /* StartupRouterConst.swift in Sources */,
				092A8C8921B4C92D00320D4F /* Utility.swift in Sources */,
				092A8C8421B4C88800320D4F /* LoginViewController.swift in Sources */,
				092A8C7A21B4BFE300320D4F /* PasswordField.swift in Sources */,
				09837F6121B5180900BA34DE /* Request.swift in Sources */,
				092A8C5221B134D400320D4F /* AppDelegate.swift in Sources */,
			);
			runOnlyForDeploymentPostprocessing = 0;
		};
		092A8C5E21B134D700320D4F /* Sources */ = {
			isa = PBXSourcesBuildPhase;
			buildActionMask = 2147483647;
			files = (
				092A8C6721B134D700320D4F /* CleanSampleTests.swift in Sources */,
			);
			runOnlyForDeploymentPostprocessing = 0;
		};
/* End PBXSourcesBuildPhase section */

/* Begin PBXTargetDependency section */
		092A8C6421B134D700320D4F /* PBXTargetDependency */ = {
			isa = PBXTargetDependency;
			target = 092A8C4D21B134D400320D4F /* CleanSample */;
			targetProxy = 092A8C6321B134D700320D4F /* PBXContainerItemProxy */;
		};
/* End PBXTargetDependency section */

/* Begin PBXVariantGroup section */
		092A8C5A21B134D700320D4F /* LaunchScreen.storyboard */ = {
			isa = PBXVariantGroup;
			children = (
				092A8C5B21B134D700320D4F /* Base */,
			);
			name = LaunchScreen.storyboard;
			sourceTree = "<group>";
		};
/* End PBXVariantGroup section */

/* Begin XCBuildConfiguration section */
		092A8C6921B134D700320D4F /* Debug */ = {
			isa = XCBuildConfiguration;
			buildSettings = {
				ALWAYS_SEARCH_USER_PATHS = NO;
				CLANG_ANALYZER_NONNULL = YES;
				CLANG_ANALYZER_NUMBER_OBJECT_CONVERSION = YES_AGGRESSIVE;
				CLANG_CXX_LANGUAGE_STANDARD = "gnu++14";
				CLANG_CXX_LIBRARY = "libc++";
				CLANG_ENABLE_MODULES = YES;
				CLANG_ENABLE_OBJC_ARC = YES;
				CLANG_ENABLE_OBJC_WEAK = YES;
				CLANG_WARN_BLOCK_CAPTURE_AUTORELEASING = YES;
				CLANG_WARN_BOOL_CONVERSION = YES;
				CLANG_WARN_COMMA = YES;
				CLANG_WARN_CONSTANT_CONVERSION = YES;
				CLANG_WARN_DEPRECATED_OBJC_IMPLEMENTATIONS = YES;
				CLANG_WARN_DIRECT_OBJC_ISA_USAGE = YES_ERROR;
				CLANG_WARN_DOCUMENTATION_COMMENTS = YES;
				CLANG_WARN_EMPTY_BODY = YES;
				CLANG_WARN_ENUM_CONVERSION = YES;
				CLANG_WARN_INFINITE_RECURSION = YES;
				CLANG_WARN_INT_CONVERSION = YES;
				CLANG_WARN_NON_LITERAL_NULL_CONVERSION = YES;
				CLANG_WARN_OBJC_IMPLICIT_RETAIN_SELF = YES;
				CLANG_WARN_OBJC_LITERAL_CONVERSION = YES;
				CLANG_WARN_OBJC_ROOT_CLASS = YES_ERROR;
				CLANG_WARN_RANGE_LOOP_ANALYSIS = YES;
				CLANG_WARN_STRICT_PROTOTYPES = YES;
				CLANG_WARN_SUSPICIOUS_MOVE = YES;
				CLANG_WARN_UNGUARDED_AVAILABILITY = YES_AGGRESSIVE;
				CLANG_WARN_UNREACHABLE_CODE = YES;
				CLANG_WARN__DUPLICATE_METHOD_MATCH = YES;
				CODE_SIGN_IDENTITY = "iPhone Developer";
				COPY_PHASE_STRIP = NO;
				DEBUG_INFORMATION_FORMAT = dwarf;
				ENABLE_STRICT_OBJC_MSGSEND = YES;
				ENABLE_TESTABILITY = YES;
				GCC_C_LANGUAGE_STANDARD = gnu11;
				GCC_DYNAMIC_NO_PIC = NO;
				GCC_NO_COMMON_BLOCKS = YES;
				GCC_OPTIMIZATION_LEVEL = 0;
				GCC_PREPROCESSOR_DEFINITIONS = (
					"DEBUG=1",
					"$(inherited)",
				);
				GCC_WARN_64_TO_32_BIT_CONVERSION = YES;
				GCC_WARN_ABOUT_RETURN_TYPE = YES_ERROR;
				GCC_WARN_UNDECLARED_SELECTOR = YES;
				GCC_WARN_UNINITIALIZED_AUTOS = YES_AGGRESSIVE;
				GCC_WARN_UNUSED_FUNCTION = YES;
				GCC_WARN_UNUSED_VARIABLE = YES;
				IPHONEOS_DEPLOYMENT_TARGET = 12.1;
				MTL_ENABLE_DEBUG_INFO = INCLUDE_SOURCE;
				MTL_FAST_MATH = YES;
				ONLY_ACTIVE_ARCH = YES;
				SDKROOT = iphoneos;
				SWIFT_ACTIVE_COMPILATION_CONDITIONS = DEBUG;
				SWIFT_OPTIMIZATION_LEVEL = "-Onone";
			};
			name = Debug;
		};
		092A8C6A21B134D700320D4F /* Release */ = {
			isa = XCBuildConfiguration;
			buildSettings = {
				ALWAYS_SEARCH_USER_PATHS = NO;
				CLANG_ANALYZER_NONNULL = YES;
				CLANG_ANALYZER_NUMBER_OBJECT_CONVERSION = YES_AGGRESSIVE;
				CLANG_CXX_LANGUAGE_STANDARD = "gnu++14";
				CLANG_CXX_LIBRARY = "libc++";
				CLANG_ENABLE_MODULES = YES;
				CLANG_ENABLE_OBJC_ARC = YES;
				CLANG_ENABLE_OBJC_WEAK = YES;
				CLANG_WARN_BLOCK_CAPTURE_AUTORELEASING = YES;
				CLANG_WARN_BOOL_CONVERSION = YES;
				CLANG_WARN_COMMA = YES;
				CLANG_WARN_CONSTANT_CONVERSION = YES;
				CLANG_WARN_DEPRECATED_OBJC_IMPLEMENTATIONS = YES;
				CLANG_WARN_DIRECT_OBJC_ISA_USAGE = YES_ERROR;
				CLANG_WARN_DOCUMENTATION_COMMENTS = YES;
				CLANG_WARN_EMPTY_BODY = YES;
				CLANG_WARN_ENUM_CONVERSION = YES;
				CLANG_WARN_INFINITE_RECURSION = YES;
				CLANG_WARN_INT_CONVERSION = YES;
				CLANG_WARN_NON_LITERAL_NULL_CONVERSION = YES;
				CLANG_WARN_OBJC_IMPLICIT_RETAIN_SELF = YES;
				CLANG_WARN_OBJC_LITERAL_CONVERSION = YES;
				CLANG_WARN_OBJC_ROOT_CLASS = YES_ERROR;
				CLANG_WARN_RANGE_LOOP_ANALYSIS = YES;
				CLANG_WARN_STRICT_PROTOTYPES = YES;
				CLANG_WARN_SUSPICIOUS_MOVE = YES;
				CLANG_WARN_UNGUARDED_AVAILABILITY = YES_AGGRESSIVE;
				CLANG_WARN_UNREACHABLE_CODE = YES;
				CLANG_WARN__DUPLICATE_METHOD_MATCH = YES;
				CODE_SIGN_IDENTITY = "iPhone Developer";
				COPY_PHASE_STRIP = NO;
				DEBUG_INFORMATION_FORMAT = "dwarf-with-dsym";
				ENABLE_NS_ASSERTIONS = NO;
				ENABLE_STRICT_OBJC_MSGSEND = YES;
				GCC_C_LANGUAGE_STANDARD = gnu11;
				GCC_NO_COMMON_BLOCKS = YES;
				GCC_WARN_64_TO_32_BIT_CONVERSION = YES;
				GCC_WARN_ABOUT_RETURN_TYPE = YES_ERROR;
				GCC_WARN_UNDECLARED_SELECTOR = YES;
				GCC_WARN_UNINITIALIZED_AUTOS = YES_AGGRESSIVE;
				GCC_WARN_UNUSED_FUNCTION = YES;
				GCC_WARN_UNUSED_VARIABLE = YES;
				IPHONEOS_DEPLOYMENT_TARGET = 12.1;
				MTL_ENABLE_DEBUG_INFO = NO;
				MTL_FAST_MATH = YES;
				SDKROOT = iphoneos;
				SWIFT_COMPILATION_MODE = wholemodule;
				SWIFT_OPTIMIZATION_LEVEL = "-O";
				VALIDATE_PRODUCT = YES;
			};
			name = Release;
		};
		092A8C6C21B134D700320D4F /* Debug */ = {
			isa = XCBuildConfiguration;
			baseConfigurationReference = 09C2F73ABF7936F80B16F9BA /* Pods-CleanSample.debug.xcconfig */;
			buildSettings = {
				ASSETCATALOG_COMPILER_APPICON_NAME = AppIcon;
				CODE_SIGN_IDENTITY = "iPhone Developer";
				CODE_SIGN_STYLE = Manual;
				DEVELOPMENT_TEAM = "";
				INFOPLIST_FILE = CleanSample/Info.plist;
				IPHONEOS_DEPLOYMENT_TARGET = 11.0;
				LD_RUNPATH_SEARCH_PATHS = (
					"$(inherited)",
					"@executable_path/Frameworks",
				);
				PRODUCT_BUNDLE_IDENTIFIER = jp.co.CleanSample;
				PRODUCT_NAME = "$(TARGET_NAME)";
				PROVISIONING_PROFILE_SPECIFIER = "";
				SWIFT_VERSION = 4.2;
				TARGETED_DEVICE_FAMILY = 1;
			};
			name = Debug;
		};
		092A8C6D21B134D700320D4F /* Release */ = {
			isa = XCBuildConfiguration;
			baseConfigurationReference = 071F49349FFE09020336D07E /* Pods-CleanSample.release.xcconfig */;
			buildSettings = {
				ASSETCATALOG_COMPILER_APPICON_NAME = AppIcon;
				CODE_SIGN_IDENTITY = "iPhone Developer";
				CODE_SIGN_STYLE = Manual;
				DEVELOPMENT_TEAM = "";
				INFOPLIST_FILE = CleanSample/Info.plist;
				IPHONEOS_DEPLOYMENT_TARGET = 11.0;
				LD_RUNPATH_SEARCH_PATHS = (
					"$(inherited)",
					"@executable_path/Frameworks",
				);
				PRODUCT_BUNDLE_IDENTIFIER = jp.co.CleanSample;
				PRODUCT_NAME = "$(TARGET_NAME)";
				PROVISIONING_PROFILE_SPECIFIER = "";
				SWIFT_VERSION = 4.2;
				TARGETED_DEVICE_FAMILY = 1;
			};
			name = Release;
		};
		092A8C6F21B134D700320D4F /* Debug */ = {
			isa = XCBuildConfiguration;
			baseConfigurationReference = B452E5DCB51E9D4CF3CCD16F /* Pods-CleanSampleTests.debug.xcconfig */;
			buildSettings = {
				ALWAYS_EMBED_SWIFT_STANDARD_LIBRARIES = YES;
				BUNDLE_LOADER = "$(TEST_HOST)";
				CODE_SIGN_STYLE = Automatic;
				INFOPLIST_FILE = CleanSampleTests/Info.plist;
				LD_RUNPATH_SEARCH_PATHS = (
					"$(inherited)",
					"@executable_path/Frameworks",
					"@loader_path/Frameworks",
				);
				PRODUCT_BUNDLE_IDENTIFIER = jp.co.CleanSampleTests;
				PRODUCT_NAME = "$(TARGET_NAME)";
				SWIFT_VERSION = 4.2;
				TARGETED_DEVICE_FAMILY = "1,2";
				TEST_HOST = "$(BUILT_PRODUCTS_DIR)/CleanSample.app/CleanSample";
			};
			name = Debug;
		};
		092A8C7021B134D700320D4F /* Release */ = {
			isa = XCBuildConfiguration;
			baseConfigurationReference = 9071B3832595FBE6E902D41B /* Pods-CleanSampleTests.release.xcconfig */;
			buildSettings = {
				ALWAYS_EMBED_SWIFT_STANDARD_LIBRARIES = YES;
				BUNDLE_LOADER = "$(TEST_HOST)";
				CODE_SIGN_STYLE = Automatic;
				INFOPLIST_FILE = CleanSampleTests/Info.plist;
				LD_RUNPATH_SEARCH_PATHS = (
					"$(inherited)",
					"@executable_path/Frameworks",
					"@loader_path/Frameworks",
				);
				PRODUCT_BUNDLE_IDENTIFIER = jp.co.CleanSampleTests;
				PRODUCT_NAME = "$(TARGET_NAME)";
				SWIFT_VERSION = 4.2;
				TARGETED_DEVICE_FAMILY = "1,2";
				TEST_HOST = "$(BUILT_PRODUCTS_DIR)/CleanSample.app/CleanSample";
			};
			name = Release;
		};
/* End XCBuildConfiguration section */

/* Begin XCConfigurationList section */
		092A8C4921B134D400320D4F /* Build configuration list for PBXProject "CleanSample" */ = {
			isa = XCConfigurationList;
			buildConfigurations = (
				092A8C6921B134D700320D4F /* Debug */,
				092A8C6A21B134D700320D4F /* Release */,
			);
			defaultConfigurationIsVisible = 0;
			defaultConfigurationName = Release;
		};
		092A8C6B21B134D700320D4F /* Build configuration list for PBXNativeTarget "CleanSample" */ = {
			isa = XCConfigurationList;
			buildConfigurations = (
				092A8C6C21B134D700320D4F /* Debug */,
				092A8C6D21B134D700320D4F /* Release */,
			);
			defaultConfigurationIsVisible = 0;
			defaultConfigurationName = Release;
		};
		092A8C6E21B134D700320D4F /* Build configuration list for PBXNativeTarget "CleanSampleTests" */ = {
			isa = XCConfigurationList;
			buildConfigurations = (
				092A8C6F21B134D700320D4F /* Debug */,
				092A8C7021B134D700320D4F /* Release */,
			);
			defaultConfigurationIsVisible = 0;
			defaultConfigurationName = Release;
		};
/* End XCConfigurationList section */
	};
	rootObject = 092A8C4621B134D400320D4F /* Project object */;
}
